
Microsoft Visual Studio Solution File, Format Version 12.00
# Visual Studio 15
VisualStudioVersion = 15.0.28010.2003
MinimumVisualStudioVersion = 10.0.40219.1
Project("{FAE04EC0-301F-11D3-BF4B-00C04F79EFBC}") = "ProteinScanner", "ProteinScanner\ProteinScanner.csproj", "{1214C013-B6C0-423E-8EE1-21B10BE5EC1B}"
EndProject
Global
	GlobalSection(SolutionConfigurationPlatforms) = preSolution
		Debug|Any CPU = Debug|Any CPU
		Release|Any CPU = Release|Any CPU
	EndGlobalSection
	GlobalSection(ProjectConfigurationPlatforms) = postSolution
		{1214C013-B6C0-423E-8EE1-21B10BE5EC1B}.Debug|Any CPU.ActiveCfg = Debug|Any CPU
		{1214C013-B6C0-423E-8EE1-21B10BE5EC1B}.Debug|Any CPU.Build.0 = Debug|Any CPU
		{1214C013-B6C0-423E-8EE1-21B10BE5EC1B}.Release|Any CPU.ActiveCfg = Release|Any CPU
		{1214C013-B6C0-423E-8EE1-21B10BE5EC1B}.Release|Any CPU.Build.0 = Release|Any CPU
	EndGlobalSection
	GlobalSection(SolutionProperties) = preSolution
		HideSolutionNode = FALSE
	EndGlobalSection
	GlobalSection(ExtensibilityGlobals) = postSolution
		SolutionGuid = {54C25567-5350-4170-AF5F-6EFDB6E0EC69}
	EndGlobalSection
EndGlobal
